
Microsoft Visual Studio Solution File, Format Version 12.00
# Visual Studio Version 16
VisualStudioVersion = 16.0.31313.79
MinimumVisualStudioVersion = 10.0.40219.1
Project("{9A19103F-16F7-4668-BE54-9A1E7A4F7556}") = "API", "API\API.csproj", "{7AB8A8EA-5571-4EFD-9BBB-341CEECCB6F9}"
EndProject
Global
	GlobalSection(SolutionConfigurationPlatforms) = preSolution
		Debug|Any CPU = Debug|Any CPU
		Release|Any CPU = Release|Any CPU
	EndGlobalSection
	GlobalSection(ProjectConfigurationPlatforms) = postSolution
		{7AB8A8EA-5571-4EFD-9BBB-341CEECCB6F9}.Debug|Any CPU.ActiveCfg = Debug|Any CPU
		{7AB8A8EA-5571-4EFD-9BBB-341CEECCB6F9}.Debug|Any CPU.Build.0 = Debug|Any CPU
		{7AB8A8EA-5571-4EFD-9BBB-341CEECCB6F9}.Release|Any CPU.ActiveCfg = Release|Any CPU
		{7AB8A8EA-5571-4EFD-9BBB-341CEECCB6F9}.Release|Any CPU.Build.0 = Release|Any CPU
	EndGlobalSection
	GlobalSection(SolutionProperties) = preSolution
		HideSolutionNode = FALSE
	EndGlobalSection
	GlobalSection(ExtensibilityGlobals) = postSolution
		SolutionGuid = {6E1BE2A5-CF65-4462-B476-F6C6DCEAE0CA}
	EndGlobalSection
EndGlobal
